
Microsoft Visual Studio Solution File, Format Version 12.00
# Visual Studio Version 17
VisualStudioVersion = 17.6.33723.286
MinimumVisualStudioVersion = 10.0.40219.1
Project("{FAE04EC0-301F-11D3-BF4B-00C04F79EFBC}") = "EmployeeManagementWebApp", "EmployeeManagementWebApp\EmployeeManagementWebApp.csproj", "{242A870A-53F0-4CAC-BE45-196E96FC5B37}"
EndProject
Project("{00D1A9C2-B5F0-4AF3-8072-F6C62B433612}") = "EmployeeDB", "..\EmployeeProfileWebApp\EmployeeDB\EmployeeDB.sqlproj", "{DE8E6928-960C-4D1D-BDC0-39EEFACE1DC2}"
EndProject
Global
	GlobalSection(SolutionConfigurationPlatforms) = preSolution
		Debug|Any CPU = Debug|Any CPU
		Release|Any CPU = Release|Any CPU
	EndGlobalSection
	GlobalSection(ProjectConfigurationPlatforms) = postSolution
		{242A870A-53F0-4CAC-BE45-196E96FC5B37}.Debug|Any CPU.ActiveCfg = Debug|Any CPU
		{242A870A-53F0-4CAC-BE45-196E96FC5B37}.Debug|Any CPU.Build.0 = Debug|Any CPU
		{242A870A-53F0-4CAC-BE45-196E96FC5B37}.Release|Any CPU.ActiveCfg = Release|Any CPU
		{242A870A-53F0-4CAC-BE45-196E96FC5B37}.Release|Any CPU.Build.0 = Release|Any CPU
		{DE8E6928-960C-4D1D-BDC0-39EEFACE1DC2}.Debug|Any CPU.ActiveCfg = Debug|Any CPU
		{DE8E6928-960C-4D1D-BDC0-39EEFACE1DC2}.Debug|Any CPU.Build.0 = Debug|Any CPU
		{DE8E6928-960C-4D1D-BDC0-39EEFACE1DC2}.Debug|Any CPU.Deploy.0 = Debug|Any CPU
		{DE8E6928-960C-4D1D-BDC0-39EEFACE1DC2}.Release|Any CPU.ActiveCfg = Release|Any CPU
		{DE8E6928-960C-4D1D-BDC0-39EEFACE1DC2}.Release|Any CPU.Build.0 = Release|Any CPU
		{DE8E6928-960C-4D1D-BDC0-39EEFACE1DC2}.Release|Any CPU.Deploy.0 = Release|Any CPU
	EndGlobalSection
	GlobalSection(SolutionProperties) = preSolution
		HideSolutionNode = FALSE
	EndGlobalSection
	GlobalSection(ExtensibilityGlobals) = postSolution
		SolutionGuid = {B3DCC853-C0AD-4E9C-9571-168159387ED5}
	EndGlobalSection
EndGlobal
